{
    "_readme": [
        "This file locks the dependencies of your project to a known state",
        "Read more about it at https://getcomposer.org/doc/01-basic-usage.md#composer-lock-the-lock-file",
        "This file is @generated automatically"
    ],
    "hash": "44bc285babebebfe351cfd3f0bd2d483",
    "content-hash": "9aa9e018d6a209c841d34aa893c77f60",
    "packages": [],
    "packages-dev": [],
    "aliases": [],
    "minimum-stability": "stable",
    "stability-flags": [],
    "prefer-stable": false,
    "prefer-lowest": false,
    "platform": {
        "php": ">=7.0",
        "ext-libsodium": ">=1.0",
        "ext-mcrypt": ">=2.4",
        "ext-scrypt": ">=1.0"
    },
    "platform-dev": []
}
